{
  "originHash" : "1f888acff43fd9814f126e12ccb10ec3374f2f88c6a7823c122c4c143dfec66c",
  "pins" : [
    {
      "identity" : "cloudinary_ios",
      "kind" : "remoteSourceControl",
      "location" : "https://github.com/cloudinary/cloudinary_ios",
      "state" : {
        "revision" : "aa29e0f66e0b15286396a03f81cf1f1bb9276a37",
        "version" : "5.2.1"
      }
    }
  ],
  "version" : 3
}
